
Microsoft Visual Studio Solution File, Format Version 12.00
# Visual Studio Version 16
VisualStudioVersion = 16.0.808.3
MinimumVisualStudioVersion = 10.0.40219.1
Project("{FAE04EC0-301F-11D3-BF4B-00C04F79EFBC}") = "swe-project-no-mvc", "swe-project-no-mvc\swe-project-no-mvc.csproj", "{5E12DE05-6B44-4C5F-BBB6-AEFD44BFDF4D}"
EndProject
Global
	GlobalSection(SolutionConfigurationPlatforms) = preSolution
		Debug|Any CPU = Debug|Any CPU
		Release|Any CPU = Release|Any CPU
	EndGlobalSection
	GlobalSection(ProjectConfigurationPlatforms) = postSolution
		{5E12DE05-6B44-4C5F-BBB6-AEFD44BFDF4D}.Debug|Any CPU.ActiveCfg = Debug|Any CPU
		{5E12DE05-6B44-4C5F-BBB6-AEFD44BFDF4D}.Debug|Any CPU.Build.0 = Debug|Any CPU
		{5E12DE05-6B44-4C5F-BBB6-AEFD44BFDF4D}.Release|Any CPU.ActiveCfg = Release|Any CPU
		{5E12DE05-6B44-4C5F-BBB6-AEFD44BFDF4D}.Release|Any CPU.Build.0 = Release|Any CPU
	EndGlobalSection
	GlobalSection(SolutionProperties) = preSolution
		HideSolutionNode = FALSE
	EndGlobalSection
	GlobalSection(ExtensibilityGlobals) = postSolution
		SolutionGuid = {1E55B267-D454-4FBC-8893-F36AD0DE01FF}
	EndGlobalSection
EndGlobal
